github.com/ogreguro/mod_10 v1.0.0 h1:BPW1QzlSgc6PLRPhvlJXaJ5dHOj8KUaqKxuMKm7PPYU=
github.com/ogreguro/mod_10 v1.0.0/go.mod h1:HoXdmdQ8z/PxyO3SJTuni8f8IQnOdoZr6kMH8oXygaI=
github.com/ogreguro/mod_10/v2 v2.0.0 h1:CNUXWrjNyeb181x79Sn0nKAmMSJT0muUM4/GQECuWRk=
github.com/ogreguro/mod_10/v2 v2.0.0/go.mod h1:aHuMmIJZ4tBUW91pa9i1DXMbGxbebwWEGLux68Iu/6U=
